id: LibreLoRa_slidingDFTMax
label: slidingDFTMax
category: '[LibreLoRa]'
templates:
  imports: import LibreLoRa
  make: LibreLoRa.slidingDFTMax(${DFTLength}, ${windowSize})
parameters:
- id: DFTLength
  label: Dftlength
  dtype: raw
- id: windowSize
  label: windowSize
  dtype: raw
inputs:
- label: in
  domain: stream
  dtype: complex
outputs:
- label: indexOut
  domain: stream
  dtype: float
- label: maxOut
  domain: stream
  dtype: complex
  optional: true
file_format: 1
