id: LibreLoRa_chirpSource
label: chirpSource
category: '[LibreLoRa]'
templates:
  imports: import LibreLoRa
  make: LibreLoRa.chirpSource(${chirpRate}, ${symbolSize})
parameters:
- id: chirpRate
  label: chirpRate
  dtype: raw
- id: symbolSize
  label: Symbolsize
  dtype: raw
outputs:
- label: out
  domain: stream
  dtype: complex
file_format: 1
