id: LibreLoRa_symbolCorrelator
label: symbolCorrelator
category: '[Librelora]'
templates:
  imports: import LibreLoRa
  make: LibreLoRa.symbolCorrelator(${symbol})
parameters:
- id: symbol
  label: Symbol
  dtype: real_vector
inputs:
- label: data in
  domain: stream
  dtype: float
- label: corr in
  domain: stream
  dtype: float
outputs:
- label: data out
  domain: stream
  dtype: float
- label: corr
  domain: stream
  dtype: float
file_format: 1
