id: LibreLoRa_normalizeCorrelation
label: normalizeCorrelation
category: '[LibreLoRa]'
templates:
  imports: import LibreLoRa
  make: LibreLoRa.normalizeCorrelation(${correlationVectorSize})
parameters:
- id: correlationVectorSize
  label: Correlationvectorsize
  dtype: raw
inputs:
- label: unnormCorr
  domain: stream
  dtype: float
- label: signalSum
  domain: stream
  dtype: float
- label: signalSqSum
  domain: stream
  dtype: float
outputs:
- label: out
  domain: stream
  dtype: float
file_format: 1
