id: LibreLoRa_deinterleave
label: deinterleave
category: '[Librelora]'
templates:
  imports: import LibreLoRa
  make: LibreLoRa.deinterleave(${SF}, ${CR})
  callbacks:
  - setSF(${SF})
  - setCR(${CR})
parameters:
- id: SF
  label: Sf
  dtype: raw
- id: CR
  label: Cr
  dtype: raw
inputs:
- label: in
  domain: stream
  dtype: short
- domain: message
  id: setSF
  optional: true
- domain: message
  id: setCR
  optional: true
outputs:
- label: out
  domain: stream
  dtype: byte
file_format: 1
