id: LibreLoRa_symbolCorrelator
label: symbolCorrelator
category: '[Librelora]'
templates:
  imports: import LibreLoRa
  make: LibreLoRa.symbolCorrelator(${symbol})
parameters:
- id: symbol
  label: Symbol
  dtype: real_vector
inputs:
- label: dataIn
  domain: stream
  dtype: float
- label: corrIn
  domain: stream
  dtype: float
- label: sumIn
  domain: stream
  dtype: float
- label: sumSqIn
  domain: stream
  dtype: float
outputs:
- label: dataOut
  domain: stream
  dtype: float
- label: corrOut
  domain: stream
  dtype: float
- label: sumOut
  domain: stream
  dtype: float
- label: sumSqOut
  domain: stream
  dtype: float
file_format: 1
