id: LibreLoRa_randomize
label: randomize
category: '[LibreLoRa]'
templates:
  imports: import LibreLoRa
  make: LibreLoRa.randomize(${initialState}, ${payloadSize})
parameters:
- id: initialState
  label: initial state
  dtype: raw
  default: 0xff
  hide: part
- id: payloadSize
  label: payloadSize
  dtype: raw
  default: 0
  hide: part
inputs:
- label: in
  domain: stream
  dtype: byte
- domain: message
  id: setLfsrState
  optional: true
outputs:
- label: out
  domain: stream
  dtype: byte
file_format: 1
