id: LibreLoRa_GrayDecode
label: GrayDecode
category: '[Librelora]'
templates:
  imports: import LibreLoRa
  make: LibreLoRa.GrayDecode(${nBits})
parameters:
- id: nBits
  label: Nbits
  dtype: raw
inputs:
- label: in
  domain: stream
  dtype: short
- domain: message
  id: setNBits
  optional: true
outputs:
- label: out
  domain: stream
  dtype: short
file_format: 1
