id: LibreLoRa_AppendPrefix
label: AppendPrefix
category: '[LibreLoRa]'
templates:
  imports: import LibreLoRa
  make: LibreLoRa.AppendPrefix(${SF}, ${symbolSize}, ${nUpchirps}, ${syncWordNumber})
parameters:
- id: SF
  label: Sf
  dtype: raw
- id: symbolSize
  label: Symbolsize
  dtype: raw
- id: nUpchirps
  label: Nupchirps
  dtype: raw
- id: syncWordNumber
  label: Syncwordnumber
  dtype: raw
inputs:
- label: in
  domain: stream
  dtype: float
outputs:
- label: out
  domain: stream
  dtype: float
file_format: 1
