id: LibreLoRa_streamToHistoryVector
label: streamToHistoryVector
category: '[Librelora]'
parameters:
- id: type
  label: Type
  dtype: enum
  options: [float, complex]
  option_attributes:
    fcn: [ff, cc]
  hide: part
- id: nVect
  label: Nvect
  dtype: raw
- id: decimation
  label: Decimation
  dtype: raw    
inputs:
- label: in
  domain: stream
  dtype: ${ type }
outputs:
- label: out
  domain: stream
  dtype: ${ type }
  vlen: ${ nVect }
templates:
  imports: import LibreLoRa
  make: LibreLoRa.streamToHistoryVector_${type.fcn}(${nVect}, ${decimation})

cpp_templates:
  includes: ['#include <LibreLoRa/streamToHistoryVector.h>']
  declarations: 'LibreLoRa::streamToHistoryVector_${type.fcn}::sptr ${id};'
  make: 'this->${id} = LibreloRa::streamToHistoryVector_${type.fcn}::make(${nVect}, ${decimation});'


file_format: 1
