id: LibreLoRa_slidingDFT
label: slidingDFT
category: '[LibreLoRa]'
templates:
  imports: import LibreLoRa
  make: LibreLoRa.slidingDFT(${DFTLength}, ${windowSize})
parameters:
- id: DFTLength
  label: Dftlength
  dtype: raw
- id: windowSize
  label: windowsize
  dtype: raw
inputs:
- label: in
  domain: stream
  dtype: complex
outputs:
- label: out
  domain: stream
  dtype: complex
  vlen: ${ DFTLength }
file_format: 1
