id: LibreLoRa_CRC16
label: CRC16
category: '[LibreLoRa]'
templates:
  imports: import LibreLoRa
  make: LibreLoRa.CRC16(${polynomial}, ${xorout}, ${payloadsize})
parameters:
- id: polynomial
  label: Polynomial
  dtype: raw
- id: xorout
  label: XorOut
  dtype: raw
- id: payloadsize
  label: payloadSize
  dtype: raw
  default: 0
  hide: part
inputs:
- label: in
  domain: stream
  dtype: byte
- domain: message
  id: setPayloadSize
  optional: true
- domain: message
  id: setXorOut
  optional: true
outputs:
# - label: out
#   domain: stream
#   dtype: short
#   optional: true
- domain: message
  id: crcOut
  optional: true
file_format: 1
