id: LibreLoRa_symbolDemod
label: symbolDemod
category: '[Librelora]'
templates:
  imports: import LibreLoRa
  make: LibreLoRa.symbolDemod(${SF}, ${symbolSize}, ${implicit})
  callbacks:
  - setSF(${SF})
parameters:
- id: SF
  label: Sf
  dtype: raw
- id: symbolSize
  label: Symbolsize
  dtype: raw
- id: implicit
  label: implicit
  dtype: enum
  options: ['True', 'False']
  option_labels: ['Yes', 'No']
inputs:
- label: in
  domain: stream
  dtype: float
  vlen: ${ symbolSize }
outputs:
- label: out
  domain: stream
  dtype: short
file_format: 1
