id: LibreLoRa_ArgMaxAbs
label: ArgMaxAbs
category: '[Librelora]'
templates:
  imports: import LibreLoRa
  make: LibreLoRa.ArgMaxAbs(${vecLength})
parameters:
- id: vecLength
  label: Veclength
  dtype: raw
inputs:
- label: in
  domain: stream
  dtype: complex
  vlen: ${ vecLength }
outputs:
- label: argMax
  domain: stream
  dtype: int
- label: max
  domain: stream
  dtype: complex
  optional: true
file_format: 1
