id: LibreLoRa_decode
label: decode
category: '[LibreLoRa]'
templates:
  imports: import LibreLoRa
  make: LibreLoRa.decode(${CR})
  callbacks:
  - setCR(${CR})
parameters:
- id: CR
  label: Cr
  dtype: raw
inputs:
- label: in
  domain: stream
  dtype: byte
- domain: message
  id: setCR
  optional: true
outputs:
- label: out
  domain: stream
  dtype: byte
file_format: 1
