id: LibreLoRa_LoRaPDUHeaderReader
label: LoRaPDUHeaderReader
category: '[Librelora]'
templates:
  imports: import LibreLoRa
  make: LibreLoRa.LoRaPDUHeaderReader(${lengthTagName})
parameters:
- id: lengthTagName
  label: Lengthtagname
  dtype: string
  default: payloadSize
inputs:
- label: in
  domain: stream
  dtype: byte
outputs:
- label: out
  domain: stream
  dtype: byte
- domain: message
  id: freq
  optional: true
file_format: 1
