id: LibreLoRa_CRC16
label: CRC16
category: '[Librelora]'
templates:
  imports: import LibreLoRa
  make: LibreLoRa.CRC16(${polynomial}, ${xorout})
parameters:
- id: polynomial
  label: Polynomial
  dtype: raw
- id: xorout
  label: XorOut
  dtype: raw
inputs:
- label: in
  domain: stream
  dtype: byte
- domain: message
  id: setPayloadSize
  optional: true
- domain: message
  id: setXorOut
  optional: true
outputs:
- label: out
  domain: stream
  dtype: short
file_format: 1
